PODS:
  - StandardCyborgFusion (2.3.2)
  - StandardCyborgUI (1.7.1):
    - StandardCyborgFusion

DEPENDENCIES:
  - StandardCyborgFusion
  - StandardCyborgUI

SPEC REPOS:
  trunk:
    - StandardCyborgFusion
    - StandardCyborgUI

SPEC CHECKSUMS:
  StandardCyborgFusion: f5c03dbf55f6c899924f887c76a424785c084513
  StandardCyborgUI: ab2fcc42898f4e16e782e2922dab273f97348164

PODFILE CHECKSUM: 629d93d350085a003dd25c051f46c06f68f55874

COCOAPODS: 1.11.3
