// !$*UTF8*$!
{
	archiveVersion = 1;
	classes = {
	};
	objectVersion = 55;
	objects = {

/* Begin PBXBuildFile section */
		E60551DF295EC4CC00679B69 /* Realistic_White_Male_Low_Poly.obj in Resources */ = {isa = PBXBuildFile; fileRef = E60551DE295EC4CC00679B69 /* Realistic_White_Male_Low_Poly.obj */; };
		E60551E1295EC50900679B69 /* Realistic_White_Female_Low_Poly.obj in Resources */ = {isa = PBXBuildFile; fileRef = E60551E0295EC50900679B69 /* Realistic_White_Female_Low_Poly.obj */; };
		E60551E5295EC58600679B69 /* UserData.swift in Sources */ = {isa = PBXBuildFile; fileRef = E60551E4295EC58600679B69 /* UserData.swift */; };
		E60551E8295EC85100679B69 /* CustomTableView.swift in Sources */ = {isa = PBXBuildFile; fileRef = E60551E7295EC85100679B69 /* CustomTableView.swift */; };
		E60551EA295EC86400679B69 /* CustomTableViewCell.swift in Sources */ = {isa = PBXBuildFile; fileRef = E60551E9295EC86400679B69 /* CustomTableViewCell.swift */; };
		E60551EC295EC88800679B69 /* MeasureViewController.swift in Sources */ = {isa = PBXBuildFile; fileRef = E60551EB295EC88800679B69 /* MeasureViewController.swift */; };
		E615ABA4295D2F51009E36A3 /* MeasureData.swift in Sources */ = {isa = PBXBuildFile; fileRef = E615ABA3295D2F51009E36A3 /* MeasureData.swift */; };
		E652401A28EB41840064D766 /* PLYFile.swift in Sources */ = {isa = PBXBuildFile; fileRef = E652401928EB41840064D766 /* PLYFile.swift */; };
		E652401E28EC4F650064D766 /* PointCloudVertex.swift in Sources */ = {isa = PBXBuildFile; fileRef = E652401D28EC4F650064D766 /* PointCloudVertex.swift */; };
		E654149A293343AB001F0107 /* PreviewController.swift in Sources */ = {isa = PBXBuildFile; fileRef = E6541499293343AB001F0107 /* PreviewController.swift */; };
		E656A3AF29210D2F00875675 /* GalleryView.swift in Sources */ = {isa = PBXBuildFile; fileRef = E656A3AE29210D2F00875675 /* GalleryView.swift */; };
		E65ADF8D28D169DF007C5886 /* MetalBuffer.swift in Sources */ = {isa = PBXBuildFile; fileRef = E65ADF8C28D169DF007C5886 /* MetalBuffer.swift */; };
		E65ADF8F28D16A2E007C5886 /* Helpers.swift in Sources */ = {isa = PBXBuildFile; fileRef = E65ADF8E28D16A2E007C5886 /* Helpers.swift */; };
		E65ADF9128D16A58007C5886 /* CPUParticle.swift in Sources */ = {isa = PBXBuildFile; fileRef = E65ADF9028D16A58007C5886 /* CPUParticle.swift */; };
		E65ADF9328D16AD5007C5886 /* XError.swift in Sources */ = {isa = PBXBuildFile; fileRef = E65ADF9228D16AD5007C5886 /* XError.swift */; };
		E688A2092959D90400055C37 /* SCNFile.swift in Sources */ = {isa = PBXBuildFile; fileRef = E688A2082959D90400055C37 /* SCNFile.swift */; };
		E68A2D3129232795006F3DD4 /* ExportViewModel.swift in Sources */ = {isa = PBXBuildFile; fileRef = E68A2D3029232795006F3DD4 /* ExportViewModel.swift */; };
		E68A6500291E6C34000E4A77 /* FileController.swift in Sources */ = {isa = PBXBuildFile; fileRef = E68A64FF291E6C34000E4A77 /* FileController.swift */; };
		E6A5FF652961D910001E80D1 /* Measurement.jpeg in Resources */ = {isa = PBXBuildFile; fileRef = E6A5FF642961D910001E80D1 /* Measurement.jpeg */; };
		E6AE007A291E4B910087DA91 /* ExportView.swift in Sources */ = {isa = PBXBuildFile; fileRef = E6AE0079291E4B910087DA91 /* ExportView.swift */; };
		E6B5159128D09685006FCE79 /* AppDelegate.swift in Sources */ = {isa = PBXBuildFile; fileRef = E6B5159028D09685006FCE79 /* AppDelegate.swift */; };
		E6B5159328D09685006FCE79 /* Shaders.metal in Sources */ = {isa = PBXBuildFile; fileRef = E6B5159228D09685006FCE79 /* Shaders.metal */; };
		E6B5159628D09685006FCE79 /* Renderer.swift in Sources */ = {isa = PBXBuildFile; fileRef = E6B5159528D09685006FCE79 /* Renderer.swift */; };
		E6B5159828D09685006FCE79 /* MainController.swift in Sources */ = {isa = PBXBuildFile; fileRef = E6B5159728D09685006FCE79 /* MainController.swift */; };
		E6B5159B28D09685006FCE79 /* Main.storyboard in Resources */ = {isa = PBXBuildFile; fileRef = E6B5159928D09685006FCE79 /* Main.storyboard */; };
		E6B5159D28D09685006FCE79 /* Assets.xcassets in Resources */ = {isa = PBXBuildFile; fileRef = E6B5159C28D09685006FCE79 /* Assets.xcassets */; };
		E6B515A028D09685006FCE79 /* LaunchScreen.storyboard in Resources */ = {isa = PBXBuildFile; fileRef = E6B5159E28D09685006FCE79 /* LaunchScreen.storyboard */; };
		E6B515AA28D0C1CF006FCE79 /* CreadtoApp.swift in Sources */ = {isa = PBXBuildFile; fileRef = E6B515A928D0C1CF006FCE79 /* CreadtoApp.swift */; };
		E6B515AF28D0D178006FCE79 /* MainTabView.swift in Sources */ = {isa = PBXBuildFile; fileRef = E6B515AE28D0D178006FCE79 /* MainTabView.swift */; };
		E6B9944B29251AE800DCEDBE /* TrueDepthCameraController.swift in Sources */ = {isa = PBXBuildFile; fileRef = E6B9944A29251AE800DCEDBE /* TrueDepthCameraController.swift */; };
		E6E05AB328EDB08E0075732A /* CustomSceneView.swift in Sources */ = {isa = PBXBuildFile; fileRef = E6E05AB228EDB08E0075732A /* CustomSceneView.swift */; };
		E6F0F9A8291229420082741A /* Alamofire in Frameworks */ = {isa = PBXBuildFile; productRef = E6F0F9A7291229420082741A /* Alamofire */; };
		E6FE7A602937AC1C0026CD07 /* Pods_Creadto.framework in Frameworks */ = {isa = PBXBuildFile; fileRef = 7CFA7FBA5A18266FE5C49462 /* Pods_Creadto.framework */; };
/* End PBXBuildFile section */

/* Begin PBXFileReference section */
		0D18D79955828FAD557C3C10 /* Pods-Creadto.debug.xcconfig */ = {isa = PBXFileReference; includeInIndex = 1; lastKnownFileType = text.xcconfig; name = "Pods-Creadto.debug.xcconfig"; path = "Target Support Files/Pods-Creadto/Pods-Creadto.debug.xcconfig"; sourceTree = "<group>"; };
		7CFA7FBA5A18266FE5C49462 /* Pods_Creadto.framework */ = {isa = PBXFileReference; explicitFileType = wrapper.framework; includeInIndex = 0; path = Pods_Creadto.framework; sourceTree = BUILT_PRODUCTS_DIR; };
		BE50B9EC64A6A10CAABB7E92 /* Pods-Creadto.release.xcconfig */ = {isa = PBXFileReference; includeInIndex = 1; lastKnownFileType = text.xcconfig; name = "Pods-Creadto.release.xcconfig"; path = "Target Support Files/Pods-Creadto/Pods-Creadto.release.xcconfig"; sourceTree = "<group>"; };
		E60551DE295EC4CC00679B69 /* Realistic_White_Male_Low_Poly.obj */ = {isa = PBXFileReference; fileEncoding = 4; lastKnownFileType = text; path = Realistic_White_Male_Low_Poly.obj; sourceTree = "<group>"; };
		E60551E0295EC50900679B69 /* Realistic_White_Female_Low_Poly.obj */ = {isa = PBXFileReference; fileEncoding = 4; lastKnownFileType = text; path = Realistic_White_Female_Low_Poly.obj; sourceTree = "<group>"; };
		E60551E4295EC58600679B69 /* UserData.swift */ = {isa = PBXFileReference; lastKnownFileType = sourcecode.swift; path = UserData.swift; sourceTree = "<group>"; };
		E60551E7295EC85100679B69 /* CustomTableView.swift */ = {isa = PBXFileReference; lastKnownFileType = sourcecode.swift; path = CustomTableView.swift; sourceTree = "<group>"; };
		E60551E9295EC86400679B69 /* CustomTableViewCell.swift */ = {isa = PBXFileReference; lastKnownFileType = sourcecode.swift; path = CustomTableViewCell.swift; sourceTree = "<group>"; };
		E60551EB295EC88800679B69 /* MeasureViewController.swift */ = {isa = PBXFileReference; lastKnownFileType = sourcecode.swift; path = MeasureViewController.swift; sourceTree = "<group>"; };
		E615ABA3295D2F51009E36A3 /* MeasureData.swift */ = {isa = PBXFileReference; lastKnownFileType = sourcecode.swift; path = MeasureData.swift; sourceTree = "<group>"; };
		E652401928EB41840064D766 /* PLYFile.swift */ = {isa = PBXFileReference; lastKnownFileType = sourcecode.swift; path = PLYFile.swift; sourceTree = "<group>"; };
		E652401D28EC4F650064D766 /* PointCloudVertex.swift */ = {isa = PBXFileReference; lastKnownFileType = sourcecode.swift; path = PointCloudVertex.swift; sourceTree = "<group>"; };
		E6541499293343AB001F0107 /* PreviewController.swift */ = {isa = PBXFileReference; lastKnownFileType = sourcecode.swift; path = PreviewController.swift; sourceTree = "<group>"; };
		E656A3AE29210D2F00875675 /* GalleryView.swift */ = {isa = PBXFileReference; lastKnownFileType = sourcecode.swift; path = GalleryView.swift; sourceTree = "<group>"; };
		E65ADF8C28D169DF007C5886 /* MetalBuffer.swift */ = {isa = PBXFileReference; lastKnownFileType = sourcecode.swift; path = MetalBuffer.swift; sourceTree = "<group>"; };
		E65ADF8E28D16A2E007C5886 /* Helpers.swift */ = {isa = PBXFileReference; lastKnownFileType = sourcecode.swift; path = Helpers.swift; sourceTree = "<group>"; };
		E65ADF9028D16A58007C5886 /* CPUParticle.swift */ = {isa = PBXFileReference; lastKnownFileType = sourcecode.swift; path = CPUParticle.swift; sourceTree = "<group>"; };
		E65ADF9228D16AD5007C5886 /* XError.swift */ = {isa = PBXFileReference; lastKnownFileType = sourcecode.swift; path = XError.swift; sourceTree = "<group>"; };
		E688A2082959D90400055C37 /* SCNFile.swift */ = {isa = PBXFileReference; lastKnownFileType = sourcecode.swift; path = SCNFile.swift; sourceTree = "<group>"; };
		E68A2D3029232795006F3DD4 /* ExportViewModel.swift */ = {isa = PBXFileReference; lastKnownFileType = sourcecode.swift; path = ExportViewModel.swift; sourceTree = "<group>"; };
		E68A64FF291E6C34000E4A77 /* FileController.swift */ = {isa = PBXFileReference; lastKnownFileType = sourcecode.swift; path = FileController.swift; sourceTree = "<group>"; };
		E6A5FF642961D910001E80D1 /* Measurement.jpeg */ = {isa = PBXFileReference; lastKnownFileType = image.jpeg; path = Measurement.jpeg; sourceTree = "<group>"; };
		E6AD14C0292603D200E9F4AF /* ScenePreviewViewController.scn */ = {isa = PBXFileReference; lastKnownFileType = file.bplist; path = ScenePreviewViewController.scn; sourceTree = "<group>"; };
		E6AD14C12926175000E9F4AF /* StandardCyborgFusion.xcframework */ = {isa = PBXFileReference; lastKnownFileType = wrapper.xcframework; name = StandardCyborgFusion.xcframework; path = Pods/StandardCyborgFusion/StandardCyborgFusion.xcframework; sourceTree = "<group>"; };
		E6AD14C22926175000E9F4AF /* StandardCyborgUI.framework */ = {isa = PBXFileReference; explicitFileType = wrapper.framework; path = StandardCyborgUI.framework; sourceTree = BUILT_PRODUCTS_DIR; };
		E6AD14C32926175000E9F4AF /* StandardCyborgUI.bundle */ = {isa = PBXFileReference; explicitFileType = wrapper.cfbundle; path = StandardCyborgUI.bundle; sourceTree = BUILT_PRODUCTS_DIR; };
		E6AE0079291E4B910087DA91 /* ExportView.swift */ = {isa = PBXFileReference; lastKnownFileType = sourcecode.swift; path = ExportView.swift; sourceTree = "<group>"; };
		E6B5158D28D09685006FCE79 /* Creadto.app */ = {isa = PBXFileReference; explicitFileType = wrapper.application; includeInIndex = 0; path = Creadto.app; sourceTree = BUILT_PRODUCTS_DIR; };
		E6B5159028D09685006FCE79 /* AppDelegate.swift */ = {isa = PBXFileReference; lastKnownFileType = sourcecode.swift; path = AppDelegate.swift; sourceTree = "<group>"; };
		E6B5159228D09685006FCE79 /* Shaders.metal */ = {isa = PBXFileReference; lastKnownFileType = sourcecode.metal; path = Shaders.metal; sourceTree = "<group>"; };
		E6B5159428D09685006FCE79 /* ShaderTypes.h */ = {isa = PBXFileReference; lastKnownFileType = sourcecode.c.h; path = ShaderTypes.h; sourceTree = "<group>"; };
		E6B5159528D09685006FCE79 /* Renderer.swift */ = {isa = PBXFileReference; lastKnownFileType = sourcecode.swift; path = Renderer.swift; sourceTree = "<group>"; };
		E6B5159728D09685006FCE79 /* MainController.swift */ = {isa = PBXFileReference; lastKnownFileType = sourcecode.swift; path = MainController.swift; sourceTree = "<group>"; };
		E6B5159A28D09685006FCE79 /* Base */ = {isa = PBXFileReference; lastKnownFileType = file.storyboard; name = Base; path = Base.lproj/Main.storyboard; sourceTree = "<group>"; };
		E6B5159C28D09685006FCE79 /* Assets.xcassets */ = {isa = PBXFileReference; lastKnownFileType = folder.assetcatalog; path = Assets.xcassets; sourceTree = "<group>"; };
		E6B5159F28D09685006FCE79 /* Base */ = {isa = PBXFileReference; lastKnownFileType = file.storyboard; name = Base; path = Base.lproj/LaunchScreen.storyboard; sourceTree = "<group>"; };
		E6B515A128D09685006FCE79 /* Creadto-Bridging-Header.h */ = {isa = PBXFileReference; lastKnownFileType = sourcecode.c.h; path = "Creadto-Bridging-Header.h"; sourceTree = "<group>"; };
		E6B515A928D0C1CF006FCE79 /* CreadtoApp.swift */ = {isa = PBXFileReference; lastKnownFileType = sourcecode.swift; path = CreadtoApp.swift; sourceTree = "<group>"; };
		E6B515AE28D0D178006FCE79 /* MainTabView.swift */ = {isa = PBXFileReference; lastKnownFileType = sourcecode.swift; path = MainTabView.swift; sourceTree = "<group>"; };
		E6B9944A29251AE800DCEDBE /* TrueDepthCameraController.swift */ = {isa = PBXFileReference; lastKnownFileType = sourcecode.swift; path = TrueDepthCameraController.swift; sourceTree = "<group>"; };
		E6E05AB228EDB08E0075732A /* CustomSceneView.swift */ = {isa = PBXFileReference; lastKnownFileType = sourcecode.swift; path = CustomSceneView.swift; sourceTree = "<group>"; };
/* End PBXFileReference section */

/* Begin PBXFrameworksBuildPhase section */
		E6B5158A28D09685006FCE79 /* Frameworks */ = {
			isa = PBXFrameworksBuildPhase;
			buildActionMask = 2147483647;
			files = (
				E6F0F9A8291229420082741A /* Alamofire in Frameworks */,
				E6FE7A602937AC1C0026CD07 /* Pods_Creadto.framework in Frameworks */,
			);
			runOnlyForDeploymentPostprocessing = 0;
		};
/* End PBXFrameworksBuildPhase section */

/* Begin PBXGroup section */
		07BC747D88E314775817C8B2 /* Frameworks */ = {
			isa = PBXGroup;
			children = (
				E6AD14C12926175000E9F4AF /* StandardCyborgFusion.xcframework */,
				E6AD14C22926175000E9F4AF /* StandardCyborgUI.framework */,
				E6AD14C32926175000E9F4AF /* StandardCyborgUI.bundle */,
				7CFA7FBA5A18266FE5C49462 /* Pods_Creadto.framework */,
			);
			name = Frameworks;
			sourceTree = "<group>";
		};
		D624936132ADBB9D28FC2408 /* Pods */ = {
			isa = PBXGroup;
			children = (
				0D18D79955828FAD557C3C10 /* Pods-Creadto.debug.xcconfig */,
				BE50B9EC64A6A10CAABB7E92 /* Pods-Creadto.release.xcconfig */,
			);
			path = Pods;
			sourceTree = "<group>";
		};
		E60551DD295EC4C200679B69 /* Resource */ = {
			isa = PBXGroup;
			children = (
				E6A5FF642961D910001E80D1 /* Measurement.jpeg */,
				E60551DE295EC4CC00679B69 /* Realistic_White_Male_Low_Poly.obj */,
				E60551E0295EC50900679B69 /* Realistic_White_Female_Low_Poly.obj */,
			);
			path = Resource;
			sourceTree = "<group>";
		};
		E60551E2295EC55200679B69 /* Measure */ = {
			isa = PBXGroup;
			children = (
				E60551E6295EC84500679B69 /* UI */,
				E615ABA2295D2C78009E36A3 /* Model */,
				E60551EB295EC88800679B69 /* MeasureViewController.swift */,
			);
			path = Measure;
			sourceTree = "<group>";
		};
		E60551E3295EC57700679B69 /* Model */ = {
			isa = PBXGroup;
			children = (
				E60551E4295EC58600679B69 /* UserData.swift */,
			);
			path = Model;
			sourceTree = "<group>";
		};
		E60551E6295EC84500679B69 /* UI */ = {
			isa = PBXGroup;
			children = (
				E60551E7295EC85100679B69 /* CustomTableView.swift */,
				E60551E9295EC86400679B69 /* CustomTableViewCell.swift */,
			);
			path = UI;
			sourceTree = "<group>";
		};
		E615ABA2295D2C78009E36A3 /* Model */ = {
			isa = PBXGroup;
			children = (
				E615ABA3295D2F51009E36A3 /* MeasureData.swift */,
			);
			path = Model;
			sourceTree = "<group>";
		};
		E654149829334386001F0107 /* Preview */ = {
			isa = PBXGroup;
			children = (
				E6541499293343AB001F0107 /* PreviewController.swift */,
			);
			path = Preview;
			sourceTree = "<group>";
		};
		E688A2032959CFD700055C37 /* IO */ = {
			isa = PBXGroup;
			children = (
				E688A2072959D71F00055C37 /* ply */,
				E688A2062959D71500055C37 /* scn */,
			);
			path = IO;
			sourceTree = "<group>";
		};
		E688A2062959D71500055C37 /* scn */ = {
			isa = PBXGroup;
			children = (
				E688A2082959D90400055C37 /* SCNFile.swift */,
				E652401D28EC4F650064D766 /* PointCloudVertex.swift */,
			);
			path = scn;
			sourceTree = "<group>";
		};
		E688A2072959D71F00055C37 /* ply */ = {
			isa = PBXGroup;
			children = (
				E652401928EB41840064D766 /* PLYFile.swift */,
			);
			path = ply;
			sourceTree = "<group>";
		};
		E6B5158428D09685006FCE79 = {
			isa = PBXGroup;
			children = (
				E6B5158F28D09685006FCE79 /* Creadto */,
				E6B5158E28D09685006FCE79 /* Products */,
				D624936132ADBB9D28FC2408 /* Pods */,
				07BC747D88E314775817C8B2 /* Frameworks */,
			);
			sourceTree = "<group>";
		};
		E6B5158E28D09685006FCE79 /* Products */ = {
			isa = PBXGroup;
			children = (
				E6B5158D28D09685006FCE79 /* Creadto.app */,
			);
			name = Products;
			sourceTree = "<group>";
		};
		E6B5158F28D09685006FCE79 /* Creadto */ = {
			isa = PBXGroup;
			children = (
				E60551E2295EC55200679B69 /* Measure */,
				E6B515AD28D0D0F5006FCE79 /* Export */,
				E6B515AC28D0D0EB006FCE79 /* Camera */,
				E6B515AB28D0D0DC006FCE79 /* Gallery */,
				E60551DD295EC4C200679B69 /* Resource */,
				E6B5159028D09685006FCE79 /* AppDelegate.swift */,
				E6B515A928D0C1CF006FCE79 /* CreadtoApp.swift */,
				E6B515AE28D0D178006FCE79 /* MainTabView.swift */,
				E6AD14C0292603D200E9F4AF /* ScenePreviewViewController.scn */,
				E6B515A128D09685006FCE79 /* Creadto-Bridging-Header.h */,
				E6B5159228D09685006FCE79 /* Shaders.metal */,
				E6B5159428D09685006FCE79 /* ShaderTypes.h */,
			);
			path = Creadto;
			sourceTree = "<group>";
		};
		E6B515AB28D0D0DC006FCE79 /* Gallery */ = {
			isa = PBXGroup;
			children = (
				E6E05AB228EDB08E0075732A /* CustomSceneView.swift */,
				E656A3AE29210D2F00875675 /* GalleryView.swift */,
			);
			path = Gallery;
			sourceTree = "<group>";
		};
		E6B515AC28D0D0EB006FCE79 /* Camera */ = {
			isa = PBXGroup;
			children = (
				E688A2032959CFD700055C37 /* IO */,
				E654149829334386001F0107 /* Preview */,
				E6B9944929251AC800DCEDBE /* TrueDepthCamera */,
				E6B5159528D09685006FCE79 /* Renderer.swift */,
				E6B5159728D09685006FCE79 /* MainController.swift */,
				E6B5159C28D09685006FCE79 /* Assets.xcassets */,
				E6B5159928D09685006FCE79 /* Main.storyboard */,
				E6B5159E28D09685006FCE79 /* LaunchScreen.storyboard */,
				E65ADF8C28D169DF007C5886 /* MetalBuffer.swift */,
				E65ADF8E28D16A2E007C5886 /* Helpers.swift */,
				E65ADF9028D16A58007C5886 /* CPUParticle.swift */,
				E65ADF9228D16AD5007C5886 /* XError.swift */,
			);
			path = Camera;
			sourceTree = "<group>";
		};
		E6B515AD28D0D0F5006FCE79 /* Export */ = {
			isa = PBXGroup;
			children = (
				E60551E3295EC57700679B69 /* Model */,
				E6AE0079291E4B910087DA91 /* ExportView.swift */,
				E68A64FF291E6C34000E4A77 /* FileController.swift */,
				E68A2D3029232795006F3DD4 /* ExportViewModel.swift */,
			);
			path = Export;
			sourceTree = "<group>";
		};
		E6B9944929251AC800DCEDBE /* TrueDepthCamera */ = {
			isa = PBXGroup;
			children = (
				E6B9944A29251AE800DCEDBE /* TrueDepthCameraController.swift */,
			);
			path = TrueDepthCamera;
			sourceTree = "<group>";
		};
/* End PBXGroup section */

/* Begin PBXNativeTarget section */
		E6B5158C28D09685006FCE79 /* Creadto */ = {
			isa = PBXNativeTarget;
			buildConfigurationList = E6B515A428D09685006FCE79 /* Build configuration list for PBXNativeTarget "Creadto" */;
			buildPhases = (
				56DE8366A9AA7E15516DCD91 /* [CP] Check Pods Manifest.lock */,
				E6B5158928D09685006FCE79 /* Sources */,
				E6B5158A28D09685006FCE79 /* Frameworks */,
				E6B5158B28D09685006FCE79 /* Resources */,
				0A0A0381202695745AE24F7B /* [CP] Embed Pods Frameworks */,
			);
			buildRules = (
			);
			dependencies = (
			);
			name = Creadto;
			packageProductDependencies = (
				E6F0F9A7291229420082741A /* Alamofire */,
			);
			productName = Creadto;
			productReference = E6B5158D28D09685006FCE79 /* Creadto.app */;
			productType = "com.apple.product-type.application";
		};
/* End PBXNativeTarget section */

/* Begin PBXProject section */
		E6B5158528D09685006FCE79 /* Project object */ = {
			isa = PBXProject;
			attributes = {
				BuildIndependentTargetsInParallel = 1;
				LastSwiftUpdateCheck = 1340;
				LastUpgradeCheck = 1340;
				TargetAttributes = {
					E6B5158C28D09685006FCE79 = {
						CreatedOnToolsVersion = 13.4.1;
					};
				};
			};
			buildConfigurationList = E6B5158828D09685006FCE79 /* Build configuration list for PBXProject "Creadto" */;
			compatibilityVersion = "Xcode 13.0";
			developmentRegion = en;
			hasScannedForEncodings = 0;
			knownRegions = (
				en,
				Base,
			);
			mainGroup = E6B5158428D09685006FCE79;
			packageReferences = (
				E6F0F9A6291229420082741A /* XCRemoteSwiftPackageReference "Alamofire" */,
			);
			productRefGroup = E6B5158E28D09685006FCE79 /* Products */;
			projectDirPath = "";
			projectRoot = "";
			targets = (
				E6B5158C28D09685006FCE79 /* Creadto */,
			);
		};
/* End PBXProject section */

/* Begin PBXResourcesBuildPhase section */
		E6B5158B28D09685006FCE79 /* Resources */ = {
			isa = PBXResourcesBuildPhase;
			buildActionMask = 2147483647;
			files = (
				E60551DF295EC4CC00679B69 /* Realistic_White_Male_Low_Poly.obj in Resources */,
				E6B515A028D09685006FCE79 /* LaunchScreen.storyboard in Resources */,
				E6A5FF652961D910001E80D1 /* Measurement.jpeg in Resources */,
				E6B5159D28D09685006FCE79 /* Assets.xcassets in Resources */,
				E60551E1295EC50900679B69 /* Realistic_White_Female_Low_Poly.obj in Resources */,
				E6B5159B28D09685006FCE79 /* Main.storyboard in Resources */,
			);
			runOnlyForDeploymentPostprocessing = 0;
		};
/* End PBXResourcesBuildPhase section */

/* Begin PBXShellScriptBuildPhase section */
		0A0A0381202695745AE24F7B /* [CP] Embed Pods Frameworks */ = {
			isa = PBXShellScriptBuildPhase;
			buildActionMask = 2147483647;
			files = (
			);
			inputFileListPaths = (
				"${PODS_ROOT}/Target Support Files/Pods-Creadto/Pods-Creadto-frameworks-${CONFIGURATION}-input-files.xcfilelist",
			);
			name = "[CP] Embed Pods Frameworks";
			outputFileListPaths = (
				"${PODS_ROOT}/Target Support Files/Pods-Creadto/Pods-Creadto-frameworks-${CONFIGURATION}-output-files.xcfilelist",
			);
			runOnlyForDeploymentPostprocessing = 0;
			shellPath = /bin/sh;
			shellScript = "\"${PODS_ROOT}/Target Support Files/Pods-Creadto/Pods-Creadto-frameworks.sh\"\n";
			showEnvVarsInLog = 0;
		};
		56DE8366A9AA7E15516DCD91 /* [CP] Check Pods Manifest.lock */ = {
			isa = PBXShellScriptBuildPhase;
			buildActionMask = 2147483647;
			files = (
			);
			inputFileListPaths = (
			);
			inputPaths = (
				"${PODS_PODFILE_DIR_PATH}/Podfile.lock",
				"${PODS_ROOT}/Manifest.lock",
			);
			name = "[CP] Check Pods Manifest.lock";
			outputFileListPaths = (
			);
			outputPaths = (
				"$(DERIVED_FILE_DIR)/Pods-Creadto-checkManifestLockResult.txt",
			);
			runOnlyForDeploymentPostprocessing = 0;
			shellPath = /bin/sh;
			shellScript = "diff \"${PODS_PODFILE_DIR_PATH}/Podfile.lock\" \"${PODS_ROOT}/Manifest.lock\" > /dev/null\nif [ $? != 0 ] ; then\n    # print error to STDERR\n    echo \"error: The sandbox is not in sync with the Podfile.lock. Run 'pod install' or update your CocoaPods installation.\" >&2\n    exit 1\nfi\n# This output is used by Xcode 'outputs' to avoid re-running this script phase.\necho \"SUCCESS\" > \"${SCRIPT_OUTPUT_FILE_0}\"\n";
			showEnvVarsInLog = 0;
		};
/* End PBXShellScriptBuildPhase section */

/* Begin PBXSourcesBuildPhase section */
		E6B5158928D09685006FCE79 /* Sources */ = {
			isa = PBXSourcesBuildPhase;
			buildActionMask = 2147483647;
			files = (
				E615ABA4295D2F51009E36A3 /* MeasureData.swift in Sources */,
				E652401E28EC4F650064D766 /* PointCloudVertex.swift in Sources */,
				E65ADF9328D16AD5007C5886 /* XError.swift in Sources */,
				E68A6500291E6C34000E4A77 /* FileController.swift in Sources */,
				E6B515AA28D0C1CF006FCE79 /* CreadtoApp.swift in Sources */,
				E6B9944B29251AE800DCEDBE /* TrueDepthCameraController.swift in Sources */,
				E60551EA295EC86400679B69 /* CustomTableViewCell.swift in Sources */,
				E6E05AB328EDB08E0075732A /* CustomSceneView.swift in Sources */,
				E6B5159328D09685006FCE79 /* Shaders.metal in Sources */,
				E65ADF8F28D16A2E007C5886 /* Helpers.swift in Sources */,
				E688A2092959D90400055C37 /* SCNFile.swift in Sources */,
				E6B5159628D09685006FCE79 /* Renderer.swift in Sources */,
				E60551E5295EC58600679B69 /* UserData.swift in Sources */,
				E65ADF8D28D169DF007C5886 /* MetalBuffer.swift in Sources */,
				E60551E8295EC85100679B69 /* CustomTableView.swift in Sources */,
				E65ADF9128D16A58007C5886 /* CPUParticle.swift in Sources */,
				E652401A28EB41840064D766 /* PLYFile.swift in Sources */,
				E6B515AF28D0D178006FCE79 /* MainTabView.swift in Sources */,
				E60551EC295EC88800679B69 /* MeasureViewController.swift in Sources */,
				E654149A293343AB001F0107 /* PreviewController.swift in Sources */,
				E6AE007A291E4B910087DA91 /* ExportView.swift in Sources */,
				E656A3AF29210D2F00875675 /* GalleryView.swift in Sources */,
				E6B5159828D09685006FCE79 /* MainController.swift in Sources */,
				E68A2D3129232795006F3DD4 /* ExportViewModel.swift in Sources */,
				E6B5159128D09685006FCE79 /* AppDelegate.swift in Sources */,
			);
			runOnlyForDeploymentPostprocessing = 0;
		};
/* End PBXSourcesBuildPhase section */

/* Begin PBXVariantGroup section */
		E6B5159928D09685006FCE79 /* Main.storyboard */ = {
			isa = PBXVariantGroup;
			children = (
				E6B5159A28D09685006FCE79 /* Base */,
			);
			name = Main.storyboard;
			sourceTree = "<group>";
		};
		E6B5159E28D09685006FCE79 /* LaunchScreen.storyboard */ = {
			isa = PBXVariantGroup;
			children = (
				E6B5159F28D09685006FCE79 /* Base */,
			);
			name = LaunchScreen.storyboard;
			sourceTree = "<group>";
		};
/* End PBXVariantGroup section */

/* Begin XCBuildConfiguration section */
		E6B515A228D09685006FCE79 /* Debug */ = {
			isa = XCBuildConfiguration;
			buildSettings = {
				ALWAYS_SEARCH_USER_PATHS = NO;
				CLANG_ANALYZER_NONNULL = YES;
				CLANG_ANALYZER_NUMBER_OBJECT_CONVERSION = YES_AGGRESSIVE;
				CLANG_CXX_LANGUAGE_STANDARD = "gnu++17";
				CLANG_ENABLE_MODULES = YES;
				CLANG_ENABLE_OBJC_ARC = YES;
				CLANG_ENABLE_OBJC_WEAK = YES;
				CLANG_WARN_BLOCK_CAPTURE_AUTORELEASING = YES;
				CLANG_WARN_BOOL_CONVERSION = YES;
				CLANG_WARN_COMMA = YES;
				CLANG_WARN_CONSTANT_CONVERSION = YES;
				CLANG_WARN_DEPRECATED_OBJC_IMPLEMENTATIONS = YES;
				CLANG_WARN_DIRECT_OBJC_ISA_USAGE = YES_ERROR;
				CLANG_WARN_DOCUMENTATION_COMMENTS = YES;
				CLANG_WARN_EMPTY_BODY = YES;
				CLANG_WARN_ENUM_CONVERSION = YES;
				CLANG_WARN_INFINITE_RECURSION = YES;
				CLANG_WARN_INT_CONVERSION = YES;
				CLANG_WARN_NON_LITERAL_NULL_CONVERSION = YES;
				CLANG_WARN_OBJC_IMPLICIT_RETAIN_SELF = YES;
				CLANG_WARN_OBJC_LITERAL_CONVERSION = YES;
				CLANG_WARN_OBJC_ROOT_CLASS = YES_ERROR;
				CLANG_WARN_QUOTED_INCLUDE_IN_FRAMEWORK_HEADER = YES;
				CLANG_WARN_RANGE_LOOP_ANALYSIS = YES;
				CLANG_WARN_STRICT_PROTOTYPES = YES;
				CLANG_WARN_SUSPICIOUS_MOVE = YES;
				CLANG_WARN_UNGUARDED_AVAILABILITY = YES_AGGRESSIVE;
				CLANG_WARN_UNREACHABLE_CODE = YES;
				CLANG_WARN__DUPLICATE_METHOD_MATCH = YES;
				COPY_PHASE_STRIP = NO;
				DEBUG_INFORMATION_FORMAT = dwarf;
				ENABLE_STRICT_OBJC_MSGSEND = YES;
				ENABLE_TESTABILITY = YES;
				GCC_C_LANGUAGE_STANDARD = gnu11;
				GCC_DYNAMIC_NO_PIC = NO;
				GCC_NO_COMMON_BLOCKS = YES;
				GCC_OPTIMIZATION_LEVEL = 0;
				GCC_PREPROCESSOR_DEFINITIONS = (
					"DEBUG=1",
					"$(inherited)",
				);
				GCC_WARN_64_TO_32_BIT_CONVERSION = YES;
				GCC_WARN_ABOUT_RETURN_TYPE = YES_ERROR;
				GCC_WARN_UNDECLARED_SELECTOR = YES;
				GCC_WARN_UNINITIALIZED_AUTOS = YES_AGGRESSIVE;
				GCC_WARN_UNUSED_FUNCTION = YES;
				GCC_WARN_UNUSED_VARIABLE = YES;
				IPHONEOS_DEPLOYMENT_TARGET = 15.5;
				MTL_ENABLE_DEBUG_INFO = INCLUDE_SOURCE;
				MTL_FAST_MATH = YES;
				ONLY_ACTIVE_ARCH = YES;
				SDKROOT = iphoneos;
				SWIFT_ACTIVE_COMPILATION_CONDITIONS = DEBUG;
				SWIFT_OPTIMIZATION_LEVEL = "-Onone";
			};
			name = Debug;
		};
		E6B515A328D09685006FCE79 /* Release */ = {
			isa = XCBuildConfiguration;
			buildSettings = {
				ALWAYS_SEARCH_USER_PATHS = NO;
				CLANG_ANALYZER_NONNULL = YES;
				CLANG_ANALYZER_NUMBER_OBJECT_CONVERSION = YES_AGGRESSIVE;
				CLANG_CXX_LANGUAGE_STANDARD = "gnu++17";
				CLANG_ENABLE_MODULES = YES;
				CLANG_ENABLE_OBJC_ARC = YES;
				CLANG_ENABLE_OBJC_WEAK = YES;
				CLANG_WARN_BLOCK_CAPTURE_AUTORELEASING = YES;
				CLANG_WARN_BOOL_CONVERSION = YES;
				CLANG_WARN_COMMA = YES;
				CLANG_WARN_CONSTANT_CONVERSION = YES;
				CLANG_WARN_DEPRECATED_OBJC_IMPLEMENTATIONS = YES;
				CLANG_WARN_DIRECT_OBJC_ISA_USAGE = YES_ERROR;
				CLANG_WARN_DOCUMENTATION_COMMENTS = YES;
				CLANG_WARN_EMPTY_BODY = YES;
				CLANG_WARN_ENUM_CONVERSION = YES;
				CLANG_WARN_INFINITE_RECURSION = YES;
				CLANG_WARN_INT_CONVERSION = YES;
				CLANG_WARN_NON_LITERAL_NULL_CONVERSION = YES;
				CLANG_WARN_OBJC_IMPLICIT_RETAIN_SELF = YES;
				CLANG_WARN_OBJC_LITERAL_CONVERSION = YES;
				CLANG_WARN_OBJC_ROOT_CLASS = YES_ERROR;
				CLANG_WARN_QUOTED_INCLUDE_IN_FRAMEWORK_HEADER = YES;
				CLANG_WARN_RANGE_LOOP_ANALYSIS = YES;
				CLANG_WARN_STRICT_PROTOTYPES = YES;
				CLANG_WARN_SUSPICIOUS_MOVE = YES;
				CLANG_WARN_UNGUARDED_AVAILABILITY = YES_AGGRESSIVE;
				CLANG_WARN_UNREACHABLE_CODE = YES;
				CLANG_WARN__DUPLICATE_METHOD_MATCH = YES;
				COPY_PHASE_STRIP = NO;
				DEBUG_INFORMATION_FORMAT = "dwarf-with-dsym";
				ENABLE_NS_ASSERTIONS = NO;
				ENABLE_STRICT_OBJC_MSGSEND = YES;
				GCC_C_LANGUAGE_STANDARD = gnu11;
				GCC_NO_COMMON_BLOCKS = YES;
				GCC_WARN_64_TO_32_BIT_CONVERSION = YES;
				GCC_WARN_ABOUT_RETURN_TYPE = YES_ERROR;
				GCC_WARN_UNDECLARED_SELECTOR = YES;
				GCC_WARN_UNINITIALIZED_AUTOS = YES_AGGRESSIVE;
				GCC_WARN_UNUSED_FUNCTION = YES;
				GCC_WARN_UNUSED_VARIABLE = YES;
				IPHONEOS_DEPLOYMENT_TARGET = 15.5;
				MTL_ENABLE_DEBUG_INFO = NO;
				MTL_FAST_MATH = YES;
				SDKROOT = iphoneos;
				SWIFT_COMPILATION_MODE = wholemodule;
				SWIFT_OPTIMIZATION_LEVEL = "-O";
				VALIDATE_PRODUCT = YES;
			};
			name = Release;
		};
		E6B515A528D09685006FCE79 /* Debug */ = {
			isa = XCBuildConfiguration;
			baseConfigurationReference = 0D18D79955828FAD557C3C10 /* Pods-Creadto.debug.xcconfig */;
			buildSettings = {
				ASSETCATALOG_COMPILER_APPICON_NAME = "AppIcon 1";
				ASSETCATALOG_COMPILER_GLOBAL_ACCENT_COLOR_NAME = AccentColor;
				ASSETCATALOG_COMPILER_INCLUDE_ALL_APPICON_ASSETS = YES;
				CODE_SIGN_STYLE = Automatic;
				CURRENT_PROJECT_VERSION = 1;
				DEVELOPMENT_ASSET_PATHS = "";
				DEVELOPMENT_TEAM = M9WR26927H;
				GENERATE_INFOPLIST_FILE = YES;
				INFOPLIST_KEY_CFBundleDisplayName = "Re:verse";
				INFOPLIST_KEY_NSCameraUsageDescription = "";
				INFOPLIST_KEY_UIApplicationSceneManifest_Generation = YES;
				INFOPLIST_KEY_UIApplicationSupportsIndirectInputEvents = YES;
				INFOPLIST_KEY_UILaunchStoryboardName = LaunchScreen;
				INFOPLIST_KEY_UIRequiredDeviceCapabilities = "arkit metal";
				INFOPLIST_KEY_UIRequiresFullScreen = YES;
				INFOPLIST_KEY_UIStatusBarHidden = YES;
				INFOPLIST_KEY_UISupportedInterfaceOrientations = UIInterfaceOrientationPortrait;
				INFOPLIST_KEY_UISupportedInterfaceOrientations_iPad = UIInterfaceOrientationLandscapeRight;
				INFOPLIST_KEY_UISupportedInterfaceOrientations_iPhone = "UIInterfaceOrientationPortrait UIInterfaceOrientationLandscapeLeft UIInterfaceOrientationLandscapeRight";
				LD_RUNPATH_SEARCH_PATHS = (
					"$(inherited)",
					"@executable_path/Frameworks",
				);
				MARKETING_VERSION = 1.0;
				PRODUCT_BUNDLE_IDENTIFIER = com.creadto.reverse;
				PRODUCT_NAME = "$(TARGET_NAME)";
				SWIFT_EMIT_LOC_STRINGS = YES;
				SWIFT_OBJC_BRIDGING_HEADER = "Creadto/Creadto-Bridging-Header.h";
				SWIFT_VERSION = 5.0;
				TARGETED_DEVICE_FAMILY = "1,2";
			};
			name = Debug;
		};
		E6B515A628D09685006FCE79 /* Release */ = {
			isa = XCBuildConfiguration;
			baseConfigurationReference = BE50B9EC64A6A10CAABB7E92 /* Pods-Creadto.release.xcconfig */;
			buildSettings = {
				ASSETCATALOG_COMPILER_APPICON_NAME = "AppIcon 1";
				ASSETCATALOG_COMPILER_GLOBAL_ACCENT_COLOR_NAME = AccentColor;
				ASSETCATALOG_COMPILER_INCLUDE_ALL_APPICON_ASSETS = YES;
				CODE_SIGN_STYLE = Automatic;
				CURRENT_PROJECT_VERSION = 1;
				DEVELOPMENT_ASSET_PATHS = "";
				DEVELOPMENT_TEAM = M9WR26927H;
				GENERATE_INFOPLIST_FILE = YES;
				INFOPLIST_KEY_CFBundleDisplayName = "Re:verse";
				INFOPLIST_KEY_NSCameraUsageDescription = "";
				INFOPLIST_KEY_UIApplicationSceneManifest_Generation = YES;
				INFOPLIST_KEY_UIApplicationSupportsIndirectInputEvents = YES;
				INFOPLIST_KEY_UILaunchStoryboardName = LaunchScreen;
				INFOPLIST_KEY_UIRequiredDeviceCapabilities = "arkit metal";
				INFOPLIST_KEY_UIRequiresFullScreen = YES;
				INFOPLIST_KEY_UIStatusBarHidden = YES;
				INFOPLIST_KEY_UISupportedInterfaceOrientations = UIInterfaceOrientationPortrait;
				INFOPLIST_KEY_UISupportedInterfaceOrientations_iPad = UIInterfaceOrientationLandscapeRight;
				INFOPLIST_KEY_UISupportedInterfaceOrientations_iPhone = "UIInterfaceOrientationPortrait UIInterfaceOrientationLandscapeLeft UIInterfaceOrientationLandscapeRight";
				LD_RUNPATH_SEARCH_PATHS = (
					"$(inherited)",
					"@executable_path/Frameworks",
				);
				MARKETING_VERSION = 1.0;
				PRODUCT_BUNDLE_IDENTIFIER = com.creadto.reverse;
				PRODUCT_NAME = "$(TARGET_NAME)";
				SWIFT_EMIT_LOC_STRINGS = YES;
				SWIFT_OBJC_BRIDGING_HEADER = "Creadto/Creadto-Bridging-Header.h";
				SWIFT_VERSION = 5.0;
				TARGETED_DEVICE_FAMILY = "1,2";
			};
			name = Release;
		};
/* End XCBuildConfiguration section */

/* Begin XCConfigurationList section */
		E6B5158828D09685006FCE79 /* Build configuration list for PBXProject "Creadto" */ = {
			isa = XCConfigurationList;
			buildConfigurations = (
				E6B515A228D09685006FCE79 /* Debug */,
				E6B515A328D09685006FCE79 /* Release */,
			);
			defaultConfigurationIsVisible = 0;
			defaultConfigurationName = Release;
		};
		E6B515A428D09685006FCE79 /* Build configuration list for PBXNativeTarget "Creadto" */ = {
			isa = XCConfigurationList;
			buildConfigurations = (
				E6B515A528D09685006FCE79 /* Debug */,
				E6B515A628D09685006FCE79 /* Release */,
			);
			defaultConfigurationIsVisible = 0;
			defaultConfigurationName = Release;
		};
/* End XCConfigurationList section */

/* Begin XCRemoteSwiftPackageReference section */
		E6F0F9A6291229420082741A /* XCRemoteSwiftPackageReference "Alamofire" */ = {
			isa = XCRemoteSwiftPackageReference;
			repositoryURL = "https://github.com/Alamofire/Alamofire.git";
			requirement = {
				kind = upToNextMajorVersion;
				minimumVersion = 5.6.1;
			};
		};
/* End XCRemoteSwiftPackageReference section */

/* Begin XCSwiftPackageProductDependency section */
		E6F0F9A7291229420082741A /* Alamofire */ = {
			isa = XCSwiftPackageProductDependency;
			package = E6F0F9A6291229420082741A /* XCRemoteSwiftPackageReference "Alamofire" */;
			productName = Alamofire;
		};
/* End XCSwiftPackageProductDependency section */
	};
	rootObject = E6B5158528D09685006FCE79 /* Project object */;
}
